
Microsoft Visual Studio Solution File, Format Version 12.00
# Visual Studio Version 17
VisualStudioVersion = 17.10.35013.160
MinimumVisualStudioVersion = 10.0.40219.1
Project("{9A19103F-16F7-4668-BE54-9A1E7A4F7556}") = "Acades.Website.Angular", "Acades.Website.Angular\Acades.Website.Angular.csproj", "{40B2D5B3-10CF-4E25-A51A-8F24785005BE}"
EndProject
Project("{2150E333-8FDC-42A3-9474-1A3956D46DE8}") = "Services", "Services", "{D2CBE997-9613-4FA4-B1F6-AA536BE12CA4}"
EndProject
Project("{9A19103F-16F7-4668-BE54-9A1E7A4F7556}") = "Acades.API", "Services\Acades.API\Acades.API.csproj", "{1CDCC566-39F8-454A-B11F-8F360EA094B6}"
EndProject
Project("{2150E333-8FDC-42A3-9474-1A3956D46DE8}") = "Models", "Models", "{90F452BD-1CE2-44FF-A5F7-1E58516EF1C7}"
EndProject
Project("{9A19103F-16F7-4668-BE54-9A1E7A4F7556}") = "Acades.Entities", "Models\Acades.Entities\Acades.Entities.csproj", "{00C73C15-F3AB-43EF-9B1C-236D30ECF26A}"
EndProject
Project("{2150E333-8FDC-42A3-9474-1A3956D46DE8}") = "Repository", "Repository", "{3DDBC3F7-45EF-45B5-9C8F-5578053209B8}"
EndProject
Project("{9A19103F-16F7-4668-BE54-9A1E7A4F7556}") = "Acades.Repository", "Repository\Acades.Repository\Acades.Repository.csproj", "{D588E64A-73D9-444B-89EF-995F0A456C86}"
EndProject
Project("{2150E333-8FDC-42A3-9474-1A3956D46DE8}") = "Contracts", "Contracts", "{D9FFA300-7F41-4684-8A1B-2A993301DE6B}"
EndProject
Project("{9A19103F-16F7-4668-BE54-9A1E7A4F7556}") = "Acades.Contracts", "Contracts\Acades.Contracts\Acades.Contracts.csproj", "{15E5AB40-BD65-4059-81CD-2EBF2A817436}"
EndProject
Project("{9A19103F-16F7-4668-BE54-9A1E7A4F7556}") = "LoggerService", "Services\LoggerService\LoggerService.csproj", "{B838EB2A-5490-4572-8A35-E3CE3270C838}"
EndProject
Project("{2150E333-8FDC-42A3-9474-1A3956D46DE8}") = "Business", "Business", "{6668BCDB-0E66-4472-BA05-68D5A6ECA4BF}"
EndProject
Project("{9A19103F-16F7-4668-BE54-9A1E7A4F7556}") = "Acades.Business", "Business\Acades.Business\Acades.Business.csproj", "{B38492AD-65D9-4C87-99BE-09045CF89887}"
EndProject
Project("{9A19103F-16F7-4668-BE54-9A1E7A4F7556}") = "Acades.Dto", "Models\Acades.Dto\Acades.Dto.csproj", "{23D3D1E9-AD45-4068-AA7D-50ECB7E7A1D7}"
EndProject
Project("{2150E333-8FDC-42A3-9474-1A3956D46DE8}") = "Laboratory", "Laboratory", "{7522FD44-F8A1-4091-A4B7-E1BD88FC753F}"
EndProject
Project("{2150E333-8FDC-42A3-9474-1A3956D46DE8}") = "WatermarkSamples", "WatermarkSamples", "{D98CF4F6-4681-421C-BE48-E2BB04DB836D}"
EndProject
Project("{9A19103F-16F7-4668-BE54-9A1E7A4F7556}") = "StampWatermarkEntity", "Laboratory\WatermarkSample\StampWatermarkEntity\StampWatermarkEntity.csproj", "{7126AF30-81E9-4E75-8897-A42C45C9C173}"
EndProject
Project("{9A19103F-16F7-4668-BE54-9A1E7A4F7556}") = "marca_dagua_pdf", "Laboratory\WatermarkSample\marca_dagua_pdf\marca_dagua_pdf.csproj", "{B012CD3D-9686-40C1-B9B9-C206C7DD8FB6}"
EndProject
Project("{9A19103F-16F7-4668-BE54-9A1E7A4F7556}") = "StampWatermakService", "Laboratory\WatermarkSample\StampWatermakService\StampWatermakService.csproj", "{388ADC11-99D8-4E7E-A346-4C0219C8AC5A}"
EndProject
Project("{FAE04EC0-301F-11D3-BF4B-00C04F79EFBC}") = "Acades.Website.Blazor", "Acades.Website.Blazor\Acades.Website.Blazor.csproj", "{9540F466-54F7-41E5-A06A-AC40619A3ADD}"
EndProject
Global
	GlobalSection(SolutionConfigurationPlatforms) = preSolution
		Debug|Any CPU = Debug|Any CPU
		Release|Any CPU = Release|Any CPU
	EndGlobalSection
	GlobalSection(ProjectConfigurationPlatforms) = postSolution
		{40B2D5B3-10CF-4E25-A51A-8F24785005BE}.Debug|Any CPU.ActiveCfg = Debug|Any CPU
		{40B2D5B3-10CF-4E25-A51A-8F24785005BE}.Debug|Any CPU.Build.0 = Debug|Any CPU
		{40B2D5B3-10CF-4E25-A51A-8F24785005BE}.Release|Any CPU.ActiveCfg = Release|Any CPU
		{40B2D5B3-10CF-4E25-A51A-8F24785005BE}.Release|Any CPU.Build.0 = Release|Any CPU
		{1CDCC566-39F8-454A-B11F-8F360EA094B6}.Debug|Any CPU.ActiveCfg = Debug|Any CPU
		{1CDCC566-39F8-454A-B11F-8F360EA094B6}.Debug|Any CPU.Build.0 = Debug|Any CPU
		{1CDCC566-39F8-454A-B11F-8F360EA094B6}.Release|Any CPU.ActiveCfg = Release|Any CPU
		{1CDCC566-39F8-454A-B11F-8F360EA094B6}.Release|Any CPU.Build.0 = Release|Any CPU
		{00C73C15-F3AB-43EF-9B1C-236D30ECF26A}.Debug|Any CPU.ActiveCfg = Debug|Any CPU
		{00C73C15-F3AB-43EF-9B1C-236D30ECF26A}.Debug|Any CPU.Build.0 = Debug|Any CPU
		{00C73C15-F3AB-43EF-9B1C-236D30ECF26A}.Release|Any CPU.ActiveCfg = Release|Any CPU
		{00C73C15-F3AB-43EF-9B1C-236D30ECF26A}.Release|Any CPU.Build.0 = Release|Any CPU
		{D588E64A-73D9-444B-89EF-995F0A456C86}.Debug|Any CPU.ActiveCfg = Debug|Any CPU
		{D588E64A-73D9-444B-89EF-995F0A456C86}.Debug|Any CPU.Build.0 = Debug|Any CPU
		{D588E64A-73D9-444B-89EF-995F0A456C86}.Release|Any CPU.ActiveCfg = Release|Any CPU
		{D588E64A-73D9-444B-89EF-995F0A456C86}.Release|Any CPU.Build.0 = Release|Any CPU
		{15E5AB40-BD65-4059-81CD-2EBF2A817436}.Debug|Any CPU.ActiveCfg = Debug|Any CPU
		{15E5AB40-BD65-4059-81CD-2EBF2A817436}.Debug|Any CPU.Build.0 = Debug|Any CPU
		{15E5AB40-BD65-4059-81CD-2EBF2A817436}.Release|Any CPU.ActiveCfg = Release|Any CPU
		{15E5AB40-BD65-4059-81CD-2EBF2A817436}.Release|Any CPU.Build.0 = Release|Any CPU
		{B838EB2A-5490-4572-8A35-E3CE3270C838}.Debug|Any CPU.ActiveCfg = Debug|Any CPU
		{B838EB2A-5490-4572-8A35-E3CE3270C838}.Debug|Any CPU.Build.0 = Debug|Any CPU
		{B838EB2A-5490-4572-8A35-E3CE3270C838}.Release|Any CPU.ActiveCfg = Release|Any CPU
		{B838EB2A-5490-4572-8A35-E3CE3270C838}.Release|Any CPU.Build.0 = Release|Any CPU
		{B38492AD-65D9-4C87-99BE-09045CF89887}.Debug|Any CPU.ActiveCfg = Debug|Any CPU
		{B38492AD-65D9-4C87-99BE-09045CF89887}.Debug|Any CPU.Build.0 = Debug|Any CPU
		{B38492AD-65D9-4C87-99BE-09045CF89887}.Release|Any CPU.ActiveCfg = Release|Any CPU
		{B38492AD-65D9-4C87-99BE-09045CF89887}.Release|Any CPU.Build.0 = Release|Any CPU
		{23D3D1E9-AD45-4068-AA7D-50ECB7E7A1D7}.Debug|Any CPU.ActiveCfg = Debug|Any CPU
		{23D3D1E9-AD45-4068-AA7D-50ECB7E7A1D7}.Debug|Any CPU.Build.0 = Debug|Any CPU
		{23D3D1E9-AD45-4068-AA7D-50ECB7E7A1D7}.Release|Any CPU.ActiveCfg = Release|Any CPU
		{23D3D1E9-AD45-4068-AA7D-50ECB7E7A1D7}.Release|Any CPU.Build.0 = Release|Any CPU
		{7126AF30-81E9-4E75-8897-A42C45C9C173}.Debug|Any CPU.ActiveCfg = Debug|Any CPU
		{7126AF30-81E9-4E75-8897-A42C45C9C173}.Debug|Any CPU.Build.0 = Debug|Any CPU
		{7126AF30-81E9-4E75-8897-A42C45C9C173}.Release|Any CPU.ActiveCfg = Release|Any CPU
		{7126AF30-81E9-4E75-8897-A42C45C9C173}.Release|Any CPU.Build.0 = Release|Any CPU
		{B012CD3D-9686-40C1-B9B9-C206C7DD8FB6}.Debug|Any CPU.ActiveCfg = Debug|Any CPU
		{B012CD3D-9686-40C1-B9B9-C206C7DD8FB6}.Debug|Any CPU.Build.0 = Debug|Any CPU
		{B012CD3D-9686-40C1-B9B9-C206C7DD8FB6}.Release|Any CPU.ActiveCfg = Release|Any CPU
		{B012CD3D-9686-40C1-B9B9-C206C7DD8FB6}.Release|Any CPU.Build.0 = Release|Any CPU
		{388ADC11-99D8-4E7E-A346-4C0219C8AC5A}.Debug|Any CPU.ActiveCfg = Debug|Any CPU
		{388ADC11-99D8-4E7E-A346-4C0219C8AC5A}.Debug|Any CPU.Build.0 = Debug|Any CPU
		{388ADC11-99D8-4E7E-A346-4C0219C8AC5A}.Release|Any CPU.ActiveCfg = Release|Any CPU
		{388ADC11-99D8-4E7E-A346-4C0219C8AC5A}.Release|Any CPU.Build.0 = Release|Any CPU
		{9540F466-54F7-41E5-A06A-AC40619A3ADD}.Debug|Any CPU.ActiveCfg = Debug|Any CPU
		{9540F466-54F7-41E5-A06A-AC40619A3ADD}.Debug|Any CPU.Build.0 = Debug|Any CPU
		{9540F466-54F7-41E5-A06A-AC40619A3ADD}.Release|Any CPU.ActiveCfg = Release|Any CPU
		{9540F466-54F7-41E5-A06A-AC40619A3ADD}.Release|Any CPU.Build.0 = Release|Any CPU
	EndGlobalSection
	GlobalSection(SolutionProperties) = preSolution
		HideSolutionNode = FALSE
	EndGlobalSection
	GlobalSection(NestedProjects) = preSolution
		{1CDCC566-39F8-454A-B11F-8F360EA094B6} = {D2CBE997-9613-4FA4-B1F6-AA536BE12CA4}
		{00C73C15-F3AB-43EF-9B1C-236D30ECF26A} = {90F452BD-1CE2-44FF-A5F7-1E58516EF1C7}
		{D588E64A-73D9-444B-89EF-995F0A456C86} = {3DDBC3F7-45EF-45B5-9C8F-5578053209B8}
		{15E5AB40-BD65-4059-81CD-2EBF2A817436} = {D9FFA300-7F41-4684-8A1B-2A993301DE6B}
		{B838EB2A-5490-4572-8A35-E3CE3270C838} = {D2CBE997-9613-4FA4-B1F6-AA536BE12CA4}
		{B38492AD-65D9-4C87-99BE-09045CF89887} = {6668BCDB-0E66-4472-BA05-68D5A6ECA4BF}
		{23D3D1E9-AD45-4068-AA7D-50ECB7E7A1D7} = {90F452BD-1CE2-44FF-A5F7-1E58516EF1C7}
		{D98CF4F6-4681-421C-BE48-E2BB04DB836D} = {7522FD44-F8A1-4091-A4B7-E1BD88FC753F}
		{7126AF30-81E9-4E75-8897-A42C45C9C173} = {D98CF4F6-4681-421C-BE48-E2BB04DB836D}
		{B012CD3D-9686-40C1-B9B9-C206C7DD8FB6} = {D98CF4F6-4681-421C-BE48-E2BB04DB836D}
		{388ADC11-99D8-4E7E-A346-4C0219C8AC5A} = {D98CF4F6-4681-421C-BE48-E2BB04DB836D}
	EndGlobalSection
	GlobalSection(ExtensibilityGlobals) = postSolution
		SolutionGuid = {8E6FBFBA-262F-4190-92E8-669366AC485B}
	EndGlobalSection
EndGlobal
